{
  "name": "form-builder-sandbox",
  "lockfileVersion": 3,
  "requires": true,
  "packages": {
    "": {
      "dependencies": {
        "bootstrap": "^5.3.8",
        "bootstrap-icons": "^1.13.1",
        "formBuilder": "^3.22.0",
        "formbuilder-languages": "^1.2.0",
        "jquery": "^4.0.0",
        "jquery-ui": "^1.14.2"
      }
    },
    "node_modules/@popperjs/core": {
      "version": "2.11.8",
      "resolved": "https://registry.npmjs.org/@popperjs/core/-/core-2.11.8.tgz",
      "integrity": "sha512-P1st0aksCrn9sGZhp8GMYwBnQsbvAWsZAX44oXNNvLHGqAOcoVxmjZiohstwQ7SqKnbR47akdNi+uleWD8+g6A==",
      "license": "MIT",
      "peer": true,
      "funding": {
        "type": "opencollective",
        "url": "https://opencollective.com/popperjs"
      }
    },
    "node_modules/bootstrap": {
      "version": "5.3.8",
      "resolved": "https://registry.npmjs.org/bootstrap/-/bootstrap-5.3.8.tgz",
      "integrity": "sha512-HP1SZDqaLDPwsNiqRqi5NcP0SSXciX2s9E+RyqJIIqGo+vJeN5AJVM98CXmW/Wux0nQ5L7jeWUdplCEf0Ee+tg==",
      "funding": [
        {
          "type": "github",
          "url": "https://github.com/sponsors/twbs"
        },
        {
          "type": "opencollective",
          "url": "https://opencollective.com/bootstrap"
        }
      ],
      "license": "MIT",
      "peerDependencies": {
        "@popperjs/core": "^2.11.8"
      }
    },
    "node_modules/bootstrap-icons": {
      "version": "1.13.1",
      "resolved": "https://registry.npmjs.org/bootstrap-icons/-/bootstrap-icons-1.13.1.tgz",
      "integrity": "sha512-ijombt4v6bv5CLeXvRWKy7CuM3TRTuPEuGaGKvTV5cz65rQSY8RQ2JcHt6b90cBBAC7s8fsf2EkQDldzCoXUjw==",
      "funding": [
        {
          "type": "github",
          "url": "https://github.com/sponsors/twbs"
        },
        {
          "type": "opencollective",
          "url": "https://opencollective.com/bootstrap"
        }
      ],
      "license": "MIT"
    },
    "node_modules/formBuilder": {
      "version": "3.22.0",
      "resolved": "https://registry.npmjs.org/formBuilder/-/formBuilder-3.22.0.tgz",
      "integrity": "sha512-1LgJZ5wtF0r16vyvy6ConpiqUU2ru9ASZUYFlmrg8ZhhfeUucN6N46/fqos2MM957s+1XI1zLMBSmyAwd+S7YQ==",
      "license": "MIT",
      "dependencies": {
        "jquery": ">=3.4.1",
        "jquery-ui-sortable": "*"
      }
    },
    "node_modules/formbuilder-languages": {
      "version": "1.2.0",
      "resolved": "https://registry.npmjs.org/formbuilder-languages/-/formbuilder-languages-1.2.0.tgz",
      "integrity": "sha512-u7SvxDP/1bZNMfouVSiGk5z43OOtzH5zaIi9c/1pTF9E9y6ae9B7cea3D4dBA4UO6Ket+QOgqgt2MuoTpKHNbA==",
      "license": "MIT",
      "dependencies": {
        "mi18n": "^0.4.8"
      }
    },
    "node_modules/jquery": {
      "version": "4.0.0",
      "resolved": "https://registry.npmjs.org/jquery/-/jquery-4.0.0.tgz",
      "integrity": "sha512-TXCHVR3Lb6TZdtw1l3RTLf8RBWVGexdxL6AC8/e0xZKEpBflBsjh9/8LXw+dkNFuOyW9B7iB3O1sP7hS0Kiacg==",
      "license": "MIT"
    },
    "node_modules/jquery-ui": {
      "version": "1.14.2",
      "resolved": "https://registry.npmjs.org/jquery-ui/-/jquery-ui-1.14.2.tgz",
      "integrity": "sha512-1gSl7PUjyipa2adSr780Ujk16faicrV7PjPPzPtvWk7tTqBnsqp67NNV9jZK2+BIxUPXWSnIUU/LBCgwgGZE+Q==",
      "license": "MIT",
      "dependencies": {
        "jquery": ">=1.12.0 <5.0.0"
      }
    },
    "node_modules/jquery-ui-sortable": {
      "version": "1.0.0",
      "resolved": "https://registry.npmjs.org/jquery-ui-sortable/-/jquery-ui-sortable-1.0.0.tgz",
      "integrity": "sha512-7xAUWoEJ/jHoj48ei8CCUtiad2uM3ie3IR2b3KB0Mpmb54IbBxzVb5vtrj0zqtd0GNQDImx+BPZml9QmK2EL3w==",
      "license": "ISC"
    },
    "node_modules/mi18n": {
      "version": "0.4.8",
      "resolved": "https://registry.npmjs.org/mi18n/-/mi18n-0.4.8.tgz",
      "integrity": "sha512-T9H5fI0RIpAHBvWEe7xbQSMROhty7DBp5oWMhu/XKWqdbvTVgLzR5TEE2zIsAnIaC6HzZOTcR5FTQ40Pg552gw==",
      "license": "MIT",
      "dependencies": {
        "now": "^11.5.2"
      },
      "engines": {
        "node": ">=9.10.0"
      }
    },
    "node_modules/now": {
      "version": "11.5.2",
      "resolved": "https://registry.npmjs.org/now/-/now-11.5.2.tgz",
      "integrity": "sha512-h1iL68uLLAFbunBZ4Qt+lN2lS5lN0WTsT1/ulqUGZ0CxgzxLj0iZL13+iNcBitdJmOAYO2reh08JUpkHlCIRHg==",
      "deprecated": "\"now\" is deprecated and will stop receiving updates on December 31, 2020. Please use \"vercel\" instead.",
      "hasInstallScript": true,
      "license": "Apache-2.0",
      "bin": {
        "now": "download/dist/now"
      }
    }
  }
}
